
Microsoft Visual Studio Solution File, Format Version 12.00
# Visual Studio 15
Project("{9344BDBB-3E7F-41FC-A0DD-8665D75EE146}") = "MyFirstNodeApp", "MyFirstNodeApp\MyFirstNodeApp.mdproj", "{76CC7FC6-28D3-45D8-8FCB-CFB3C903B6F3}"
EndProject
Global
	GlobalSection(SolutionConfigurationPlatforms) = preSolution
		Default|Any CPU = Default|Any CPU
	EndGlobalSection
	GlobalSection(ProjectConfigurationPlatforms) = postSolution
		{76CC7FC6-28D3-45D8-8FCB-CFB3C903B6F3}.Default|Any CPU.ActiveCfg = Default|Any CPU
		{76CC7FC6-28D3-45D8-8FCB-CFB3C903B6F3}.Default|Any CPU.Build.0 = Default|Any CPU
	EndGlobalSection
EndGlobal
